// !$*UTF8*$!
{
	archiveVersion = 1;
	classes = {
	};
	objectVersion = 46;
	objects = {

/* Begin PBXBuildFile section */
		9D14AE9A1EF4C8610044DF4A /* AppDelegate.swift in Sources */ = {isa = PBXBuildFile; fileRef = 9D14AE991EF4C8610044DF4A /* AppDelegate.swift */; };
		9D14AE9C1EF4C8610044DF4A /* ViewController.swift in Sources */ = {isa = PBXBuildFile; fileRef = 9D14AE9B1EF4C8610044DF4A /* ViewController.swift */; };
		9D14AE9F1EF4C8610044DF4A /* Main.storyboard in Resources */ = {isa = PBXBuildFile; fileRef = 9D14AE9D1EF4C8610044DF4A /* Main.storyboard */; };
		9D14AEA11EF4C8610044DF4A /* Assets.xcassets in Resources */ = {isa = PBXBuildFile; fileRef = 9D14AEA01EF4C8610044DF4A /* Assets.xcassets */; };
		9D14AEA41EF4C8610044DF4A /* LaunchScreen.storyboard in Resources */ = {isa = PBXBuildFile; fileRef = 9D14AEA21EF4C8610044DF4A /* LaunchScreen.storyboard */; };
		9D14AEAC1EF4C89B0044DF4A /* BorderButton.swift in Sources */ = {isa = PBXBuildFile; fileRef = 9D14AEAB1EF4C89B0044DF4A /* BorderButton.swift */; };
/* End PBXBuildFile section */

/* Begin PBXFileReference section */
		9D14AE961EF4C8610044DF4A /* BoderButton.app */ = {isa = PBXFileReference; explicitFileType = wrapper.application; includeInIndex = 0; path = BoderButton.app; sourceTree = BUILT_PRODUCTS_DIR; };
		9D14AE991EF4C8610044DF4A /* AppDelegate.swift */ = {isa = PBXFileReference; lastKnownFileType = sourcecode.swift; path = AppDelegate.swift; sourceTree = "<group>"; };
		9D14AE9B1EF4C8610044DF4A /* ViewController.swift */ = {isa = PBXFileReference; lastKnownFileType = sourcecode.swift; path = ViewController.swift; sourceTree = "<group>"; };
		9D14AE9E1EF4C8610044DF4A /* Base */ = {isa = PBXFileReference; lastKnownFileType = file.storyboard; name = Base; path = Base.lproj/Main.storyboard; sourceTree = "<group>"; };
		9D14AEA01EF4C8610044DF4A /* Assets.xcassets */ = {isa = PBXFileReference; lastKnownFileType = folder.assetcatalog; path = Assets.xcassets; sourceTree = "<group>"; };
		9D14AEA31EF4C8610044DF4A /* Base */ = {isa = PBXFileReference; lastKnownFileType = file.storyboard; name = Base; path = Base.lproj/LaunchScreen.storyboard; sourceTree = "<group>"; };
		9D14AEA51EF4C8610044DF4A /* Info.plist */ = {isa = PBXFileReference; lastKnownFileType = text.plist.xml; path = Info.plist; sourceTree = "<group>"; };
		9D14AEAB1EF4C89B0044DF4A /* BorderButton.swift */ = {isa = PBXFileReference; fileEncoding = 4; lastKnownFileType = sourcecode.swift; path = BorderButton.swift; sourceTree = "<group>"; };
/* End PBXFileReference section */

/* Begin PBXFrameworksBuildPhase section */
		9D14AE931EF4C8610044DF4A /* Frameworks */ = {
			isa = PBXFrameworksBuildPhase;
			buildActionMask = 2147483647;
			files = (
			);
			runOnlyForDeploymentPostprocessing = 0;
		};
/* End PBXFrameworksBuildPhase section */

/* Begin PBXGroup section */
		9D14AE8D1EF4C8610044DF4A = {
			isa = PBXGroup;
			children = (
				9D14AE981EF4C8610044DF4A /* BoderButton */,
				9D14AE971EF4C8610044DF4A /* Products */,
			);
			sourceTree = "<group>";
		};
		9D14AE971EF4C8610044DF4A /* Products */ = {
			isa = PBXGroup;
			children = (
				9D14AE961EF4C8610044DF4A /* BoderButton.app */,
			);
			name = Products;
			sourceTree = "<group>";
		};
		9D14AE981EF4C8610044DF4A /* BoderButton */ = {
			isa = PBXGroup;
			children = (
				9D14AE991EF4C8610044DF4A /* AppDelegate.swift */,
				9D14AE9B1EF4C8610044DF4A /* ViewController.swift */,
				9D14AEAB1EF4C89B0044DF4A /* BorderButton.swift */,
				9D14AE9D1EF4C8610044DF4A /* Main.storyboard */,
				9D14AEA01EF4C8610044DF4A /* Assets.xcassets */,
				9D14AEA21EF4C8610044DF4A /* LaunchScreen.storyboard */,
				9D14AEA51EF4C8610044DF4A /* Info.plist */,
			);
			path = BoderButton;
			sourceTree = "<group>";
		};
/* End PBXGroup section */

/* Begin PBXNativeTarget section */
		9D14AE951EF4C8610044DF4A /* BoderButton */ = {
			isa = PBXNativeTarget;
			buildConfigurationList = 9D14AEA81EF4C8610044DF4A /* Build configuration list for PBXNativeTarget "BoderButton" */;
			buildPhases = (
				9D14AE921EF4C8610044DF4A /* Sources */,
				9D14AE931EF4C8610044DF4A /* Frameworks */,
				9D14AE941EF4C8610044DF4A /* Resources */,
			);
			buildRules = (
			);
			dependencies = (
			);
			name = BoderButton;
			productName = BoderButton;
			productReference = 9D14AE961EF4C8610044DF4A /* BoderButton.app */;
			productType = "com.apple.product-type.application";
		};
/* End PBXNativeTarget section */

/* Begin PBXProject section */
		9D14AE8E1EF4C8610044DF4A /* Project object */ = {
			isa = PBXProject;
			attributes = {
				LastSwiftUpdateCheck = 0830;
				LastUpgradeCheck = 0830;
				ORGANIZATIONNAME = FromF;
				TargetAttributes = {
					9D14AE951EF4C8610044DF4A = {
						CreatedOnToolsVersion = 8.3.3;
						ProvisioningStyle = Automatic;
					};
				};
			};
			buildConfigurationList = 9D14AE911EF4C8610044DF4A /* Build configuration list for PBXProject "BoderButton" */;
			compatibilityVersion = "Xcode 3.2";
			developmentRegion = English;
			hasScannedForEncodings = 0;
			knownRegions = (
				en,
				Base,
			);
			mainGroup = 9D14AE8D1EF4C8610044DF4A;
			productRefGroup = 9D14AE971EF4C8610044DF4A /* Products */;
			projectDirPath = "";
			projectRoot = "";
			targets = (
				9D14AE951EF4C8610044DF4A /* BoderButton */,
			);
		};
/* End PBXProject section */

/* Begin PBXResourcesBuildPhase section */
		9D14AE941EF4C8610044DF4A /* Resources */ = {
			isa = PBXResourcesBuildPhase;
			buildActionMask = 2147483647;
			files = (
				9D14AEA41EF4C8610044DF4A /* LaunchScreen.storyboard in Resources */,
				9D14AEA11EF4C8610044DF4A /* Assets.xcassets in Resources */,
				9D14AE9F1EF4C8610044DF4A /* Main.storyboard in Resources */,
			);
			runOnlyForDeploymentPostprocessing = 0;
		};
/* End PBXResourcesBuildPhase section */

/* Begin PBXSourcesBuildPhase section */
		9D14AE921EF4C8610044DF4A /* Sources */ = {
			isa = PBXSourcesBuildPhase;
			buildActionMask = 2147483647;
			files = (
				9D14AE9C1EF4C8610044DF4A /* ViewController.swift in Sources */,
				9D14AE9A1EF4C8610044DF4A /* AppDelegate.swift in Sources */,
				9D14AEAC1EF4C89B0044DF4A /* BorderButton.swift in Sources */,
			);
			runOnlyForDeploymentPostprocessing = 0;
		};
/* End PBXSourcesBuildPhase section */

/* Begin PBXVariantGroup section */
		9D14AE9D1EF4C8610044DF4A /* Main.storyboard */ = {
			isa = PBXVariantGroup;
			children = (
				9D14AE9E1EF4C8610044DF4A /* Base */,
			);
			name = Main.storyboard;
			sourceTree = "<group>";
		};
		9D14AEA21EF4C8610044DF4A /* LaunchScreen.storyboard */ = {
			isa = PBXVariantGroup;
			children = (
				9D14AEA31EF4C8610044DF4A /* Base */,
			);
			name = LaunchScreen.storyboard;
			sourceTree = "<group>";
		};
/* End PBXVariantGroup section */

/* Begin XCBuildConfiguration section */
		9D14AEA61EF4C8610044DF4A /* Debug */ = {
			isa = XCBuildConfiguration;
			buildSettings = {
				ALWAYS_SEARCH_USER_PATHS = NO;
				CLANG_ANALYZER_NONNULL = YES;
				CLANG_ANALYZER_NUMBER_OBJECT_CONVERSION = YES_AGGRESSIVE;
				CLANG_CXX_LANGUAGE_STANDARD = "gnu++0x";
				CLANG_CXX_LIBRARY = "libc++";
				CLANG_ENABLE_MODULES = YES;
				CLANG_ENABLE_OBJC_ARC = YES;
				CLANG_WARN_BOOL_CONVERSION = YES;
				CLANG_WARN_CONSTANT_CONVERSION = YES;
				CLANG_WARN_DIRECT_OBJC_ISA_USAGE = YES_ERROR;
				CLANG_WARN_DOCUMENTATION_COMMENTS = YES;
				CLANG_WARN_EMPTY_BODY = YES;
				CLANG_WARN_ENUM_CONVERSION = YES;
				CLANG_WARN_INFINITE_RECURSION = YES;
				CLANG_WARN_INT_CONVERSION = YES;
				CLANG_WARN_OBJC_ROOT_CLASS = YES_ERROR;
				CLANG_WARN_SUSPICIOUS_MOVE = YES;
				CLANG_WARN_UNREACHABLE_CODE = YES;
				CLANG_WARN__DUPLICATE_METHOD_MATCH = YES;
				"CODE_SIGN_IDENTITY[sdk=iphoneos*]" = "iPhone Developer";
				COPY_PHASE_STRIP = NO;
				DEBUG_INFORMATION_FORMAT = dwarf;
				ENABLE_STRICT_OBJC_MSGSEND = YES;
				ENABLE_TESTABILITY = YES;
				GCC_C_LANGUAGE_STANDARD = gnu99;
				GCC_DYNAMIC_NO_PIC = NO;
				GCC_NO_COMMON_BLOCKS = YES;
				GCC_OPTIMIZATION_LEVEL = 0;
				GCC_PREPROCESSOR_DEFINITIONS = (
					"DEBUG=1",
					"$(inherited)",
				);
				GCC_WARN_64_TO_32_BIT_CONVERSION = YES;
				GCC_WARN_ABOUT_RETURN_TYPE = YES_ERROR;
				GCC_WARN_UNDECLARED_SELECTOR = YES;
				GCC_WARN_UNINITIALIZED_AUTOS = YES_AGGRESSIVE;
				GCC_WARN_UNUSED_FUNCTION = YES;
				GCC_WARN_UNUSED_VARIABLE = YES;
				IPHONEOS_DEPLOYMENT_TARGET = 10.3;
				MTL_ENABLE_DEBUG_INFO = YES;
				ONLY_ACTIVE_ARCH = YES;
				SDKROOT = iphoneos;
				SWIFT_ACTIVE_COMPILATION_CONDITIONS = DEBUG;
				SWIFT_OPTIMIZATION_LEVEL = "-Onone";
				TARGETED_DEVICE_FAMILY = "1,2";
			};
			name = Debug;
		};
		9D14AEA71EF4C8610044DF4A /* Release */ = {
			isa = XCBuildConfiguration;
			buildSettings = {
				ALWAYS_SEARCH_USER_PATHS = NO;
				CLANG_ANALYZER_NONNULL = YES;
				CLANG_ANALYZER_NUMBER_OBJECT_CONVERSION = YES_AGGRESSIVE;
				CLANG_CXX_LANGUAGE_STANDARD = "gnu++0x";
				CLANG_CXX_LIBRARY = "libc++";
				CLANG_ENABLE_MODULES = YES;
				CLANG_ENABLE_OBJC_ARC = YES;
				CLANG_WARN_BOOL_CONVERSION = YES;
				CLANG_WARN_CONSTANT_CONVERSION = YES;
				CLANG_WARN_DIRECT_OBJC_ISA_USAGE = YES_ERROR;
				CLANG_WARN_DOCUMENTATION_COMMENTS = YES;
				CLANG_WARN_EMPTY_BODY = YES;
				CLANG_WARN_ENUM_CONVERSION = YES;
				CLANG_WARN_INFINITE_RECURSION = YES;
				CLANG_WARN_INT_CONVERSION = YES;
				CLANG_WARN_OBJC_ROOT_CLASS = YES_ERROR;
				CLANG_WARN_SUSPICIOUS_MOVE = YES;
				CLANG_WARN_UNREACHABLE_CODE = YES;
				CLANG_WARN__DUPLICATE_METHOD_MATCH = YES;
				"CODE_SIGN_IDENTITY[sdk=iphoneos*]" = "iPhone Developer";
				COPY_PHASE_STRIP = NO;
				DEBUG_INFORMATION_FORMAT = "dwarf-with-dsym";
				ENABLE_NS_ASSERTIONS = NO;
				ENABLE_STRICT_OBJC_MSGSEND = YES;
				GCC_C_LANGUAGE_STANDARD = gnu99;
				GCC_NO_COMMON_BLOCKS = YES;
				GCC_WARN_64_TO_32_BIT_CONVERSION = YES;
				GCC_WARN_ABOUT_RETURN_TYPE = YES_ERROR;
				GCC_WARN_UNDECLARED_SELECTOR = YES;
				GCC_WARN_UNINITIALIZED_AUTOS = YES_AGGRESSIVE;
				GCC_WARN_UNUSED_FUNCTION = YES;
				GCC_WARN_UNUSED_VARIABLE = YES;
				IPHONEOS_DEPLOYMENT_TARGET = 10.3;
				MTL_ENABLE_DEBUG_INFO = NO;
				SDKROOT = iphoneos;
				SWIFT_OPTIMIZATION_LEVEL = "-Owholemodule";
				TARGETED_DEVICE_FAMILY = "1,2";
				VALIDATE_PRODUCT = YES;
			};
			name = Release;
		};
		9D14AEA91EF4C8610044DF4A /* Debug */ = {
			isa = XCBuildConfiguration;
			buildSettings = {
				ASSETCATALOG_COMPILER_APPICON_NAME = AppIcon;
				INFOPLIST_FILE = BoderButton/Info.plist;
				LD_RUNPATH_SEARCH_PATHS = "$(inherited) @executable_path/Frameworks";
				PRODUCT_BUNDLE_IDENTIFIER = github.com.FromF.BoderButton;
				PRODUCT_NAME = "$(TARGET_NAME)";
				SWIFT_VERSION = 3.0;
			};
			name = Debug;
		};
		9D14AEAA1EF4C8610044DF4A /* Release */ = {
			isa = XCBuildConfiguration;
			buildSettings = {
				ASSETCATALOG_COMPILER_APPICON_NAME = AppIcon;
				INFOPLIST_FILE = BoderButton/Info.plist;
				LD_RUNPATH_SEARCH_PATHS = "$(inherited) @executable_path/Frameworks";
				PRODUCT_BUNDLE_IDENTIFIER = github.com.FromF.BoderButton;
				PRODUCT_NAME = "$(TARGET_NAME)";
				SWIFT_VERSION = 3.0;
			};
			name = Release;
		};
/* End XCBuildConfiguration section */

/* Begin XCConfigurationList section */
		9D14AE911EF4C8610044DF4A /* Build configuration list for PBXProject "BoderButton" */ = {
			isa = XCConfigurationList;
			buildConfigurations = (
				9D14AEA61EF4C8610044DF4A /* Debug */,
				9D14AEA71EF4C8610044DF4A /* Release */,
			);
			defaultConfigurationIsVisible = 0;
			defaultConfigurationName = Release;
		};
		9D14AEA81EF4C8610044DF4A /* Build configuration list for PBXNativeTarget "BoderButton" */ = {
			isa = XCConfigurationList;
			buildConfigurations = (
				9D14AEA91EF4C8610044DF4A /* Debug */,
				9D14AEAA1EF4C8610044DF4A /* Release */,
			);
			defaultConfigurationIsVisible = 0;
		};
/* End XCConfigurationList section */
	};
	rootObject = 9D14AE8E1EF4C8610044DF4A /* Project object */;
}
